// !$*UTF8*$!
{
	archiveVersion = 1;
	classes = {
	};
	objectVersion = 46;
	objects = {

/* Begin PBXFileReference section */
		27401FB618AACD1600C5AA28 /* plugin.xml */ = {isa = PBXFileReference; lastKnownFileType = text.xml; path = plugin.xml; sourceTree = "<group>"; };
		27401FB918AAD01200C5AA28 /* Phone.h */ = {isa = PBXFileReference; lastKnownFileType = sourcecode.c.h; path = Phone.h; sourceTree = "<group>"; };
		27401FBA18AAD01200C5AA28 /* Phone.m */ = {isa = PBXFileReference; lastKnownFileType = sourcecode.c.objc; path = Phone.m; sourceTree = "<group>"; };
/* End PBXFileReference section */

/* Begin PBXGroup section */
		27401FAF18AACD0300C5AA28 = {
			isa = PBXGroup;
			children = (
				27401FB718AAD01200C5AA28 /* src */,
				27401FB618AACD1600C5AA28 /* plugin.xml */,
			);
			sourceTree = "<group>";
		};
		27401FB718AAD01200C5AA28 /* src */ = {
			isa = PBXGroup;
			children = (
				27401FB818AAD01200C5AA28 /* ios */,
			);
			path = src;
			sourceTree = "<group>";
		};
		27401FB818AAD01200C5AA28 /* ios */ = {
			isa = PBXGroup;
			children = (
				27401FB918AAD01200C5AA28 /* Phone.h */,
				27401FBA18AAD01200C5AA28 /* Phone.m */,
			);
			path = ios;
			sourceTree = "<group>";
		};
/* End PBXGroup section */

/* Begin PBXProject section */
		27401FB018AACD0300C5AA28 /* Project object */ = {
			isa = PBXProject;
			attributes = {
				LastUpgradeCheck = 0500;
			};
			buildConfigurationList = 27401FB318AACD0300C5AA28 /* Build configuration list for PBXProject "CordovaPhone" */;
			compatibilityVersion = "Xcode 3.2";
			developmentRegion = English;
			hasScannedForEncodings = 0;
			knownRegions = (
				en,
			);
			mainGroup = 27401FAF18AACD0300C5AA28;
			projectDirPath = "";
			projectRoot = "";
			targets = (
			);
		};
/* End PBXProject section */

/* Begin XCBuildConfiguration section */
		27401FB418AACD0300C5AA28 /* Debug */ = {
			isa = XCBuildConfiguration;
			buildSettings = {
			};
			name = Debug;
		};
		27401FB518AACD0300C5AA28 /* Release */ = {
			isa = XCBuildConfiguration;
			buildSettings = {
			};
			name = Release;
		};
/* End XCBuildConfiguration section */

/* Begin XCConfigurationList section */
		27401FB318AACD0300C5AA28 /* Build configuration list for PBXProject "CordovaPhone" */ = {
			isa = XCConfigurationList;
			buildConfigurations = (
				27401FB418AACD0300C5AA28 /* Debug */,
				27401FB518AACD0300C5AA28 /* Release */,
			);
			defaultConfigurationIsVisible = 0;
			defaultConfigurationName = Release;
		};
/* End XCConfigurationList section */
	};
	rootObject = 27401FB018AACD0300C5AA28 /* Project object */;
}
